
Microsoft Visual Studio Solution File, Format Version 12.00
# Visual Studio 15
VisualStudioVersion = 15.0.27703.2000
MinimumVisualStudioVersion = 10.0.40219.1
Project("{FAE04EC0-301F-11D3-BF4B-00C04F79EFBC}") = "BitriseTestXamarin.Android", "BitriseTestXamarin\BitriseTestXamarin.Android\BitriseTestXamarin.Android.csproj", "{30BC7F26-A458-4605-8142-82757873D5F9}"
EndProject
Project("{FAE04EC0-301F-11D3-BF4B-00C04F79EFBC}") = "BitriseTestXamarin.iOS", "BitriseTestXamarin\BitriseTestXamarin.iOS\BitriseTestXamarin.iOS.csproj", "{90091540-645D-4646-9A4F-D59A48859268}"
EndProject
Project("{FAE04EC0-301F-11D3-BF4B-00C04F79EFBC}") = "BitriseTestXamarin.UWP", "BitriseTestXamarin\BitriseTestXamarin.UWP\BitriseTestXamarin.UWP.csproj", "{3ACC7F92-6CC1-4C59-AC29-F0C63D9EFF55}"
EndProject
Project("{FAE04EC0-301F-11D3-BF4B-00C04F79EFBC}") = "BitriseTestXamarin", "BitriseTestXamarin\BitriseTestXamarin\BitriseTestXamarin.csproj", "{BF3620CF-BB2A-4849-891E-35603516A55D}"
EndProject
Global
	GlobalSection(SolutionConfigurationPlatforms) = preSolution
		Ad-Hoc|Any CPU = Ad-Hoc|Any CPU
		Ad-Hoc|ARM = Ad-Hoc|ARM
		Ad-Hoc|iPhone = Ad-Hoc|iPhone
		Ad-Hoc|iPhoneSimulator = Ad-Hoc|iPhoneSimulator
		Ad-Hoc|x64 = Ad-Hoc|x64
		Ad-Hoc|x86 = Ad-Hoc|x86
		AppStore|Any CPU = AppStore|Any CPU
		AppStore|ARM = AppStore|ARM
		AppStore|iPhone = AppStore|iPhone
		AppStore|iPhoneSimulator = AppStore|iPhoneSimulator
		AppStore|x64 = AppStore|x64
		AppStore|x86 = AppStore|x86
		Debug|Any CPU = Debug|Any CPU
		Debug|ARM = Debug|ARM
		Debug|iPhone = Debug|iPhone
		Debug|iPhoneSimulator = Debug|iPhoneSimulator
		Debug|x64 = Debug|x64
		Debug|x86 = Debug|x86
		Release|Any CPU = Release|Any CPU
		Release|ARM = Release|ARM
		Release|iPhone = Release|iPhone
		Release|iPhoneSimulator = Release|iPhoneSimulator
		Release|x64 = Release|x64
		Release|x86 = Release|x86
	EndGlobalSection
	GlobalSection(ProjectConfigurationPlatforms) = postSolution
		{30BC7F26-A458-4605-8142-82757873D5F9}.Ad-Hoc|Any CPU.ActiveCfg = Release|Any CPU
		{30BC7F26-A458-4605-8142-82757873D5F9}.Ad-Hoc|Any CPU.Build.0 = Release|Any CPU
		{30BC7F26-A458-4605-8142-82757873D5F9}.Ad-Hoc|Any CPU.Deploy.0 = Release|Any CPU
		{30BC7F26-A458-4605-8142-82757873D5F9}.Ad-Hoc|ARM.ActiveCfg = Release|Any CPU
		{30BC7F26-A458-4605-8142-82757873D5F9}.Ad-Hoc|ARM.Build.0 = Release|Any CPU
		{30BC7F26-A458-4605-8142-82757873D5F9}.Ad-Hoc|ARM.Deploy.0 = Release|Any CPU
		{30BC7F26-A458-4605-8142-82757873D5F9}.Ad-Hoc|iPhone.ActiveCfg = Release|Any CPU
		{30BC7F26-A458-4605-8142-82757873D5F9}.Ad-Hoc|iPhone.Build.0 = Release|Any CPU
		{30BC7F26-A458-4605-8142-82757873D5F9}.Ad-Hoc|iPhone.Deploy.0 = Release|Any CPU
		{30BC7F26-A458-4605-8142-82757873D5F9}.Ad-Hoc|iPhoneSimulator.ActiveCfg = Release|Any CPU
		{30BC7F26-A458-4605-8142-82757873D5F9}.Ad-Hoc|iPhoneSimulator.Build.0 = Release|Any CPU
		{30BC7F26-A458-4605-8142-82757873D5F9}.Ad-Hoc|iPhoneSimulator.Deploy.0 = Release|Any CPU
		{30BC7F26-A458-4605-8142-82757873D5F9}.Ad-Hoc|x64.ActiveCfg = Release|Any CPU
		{30BC7F26-A458-4605-8142-82757873D5F9}.Ad-Hoc|x64.Build.0 = Release|Any CPU
		{30BC7F26-A458-4605-8142-82757873D5F9}.Ad-Hoc|x64.Deploy.0 = Release|Any CPU
		{30BC7F26-A458-4605-8142-82757873D5F9}.Ad-Hoc|x86.ActiveCfg = Release|Any CPU
		{30BC7F26-A458-4605-8142-82757873D5F9}.Ad-Hoc|x86.Build.0 = Release|Any CPU
		{30BC7F26-A458-4605-8142-82757873D5F9}.Ad-Hoc|x86.Deploy.0 = Release|Any CPU
		{30BC7F26-A458-4605-8142-82757873D5F9}.AppStore|Any CPU.ActiveCfg = Release|Any CPU
		{30BC7F26-A458-4605-8142-82757873D5F9}.AppStore|Any CPU.Build.0 = Release|Any CPU
		{30BC7F26-A458-4605-8142-82757873D5F9}.AppStore|Any CPU.Deploy.0 = Release|Any CPU
		{30BC7F26-A458-4605-8142-82757873D5F9}.AppStore|ARM.ActiveCfg = Release|Any CPU
		{30BC7F26-A458-4605-8142-82757873D5F9}.AppStore|ARM.Build.0 = Release|Any CPU
		{30BC7F26-A458-4605-8142-82757873D5F9}.AppStore|ARM.Deploy.0 = Release|Any CPU
		{30BC7F26-A458-4605-8142-82757873D5F9}.AppStore|iPhone.ActiveCfg = Release|Any CPU
		{30BC7F26-A458-4605-8142-82757873D5F9}.AppStore|iPhone.Build.0 = Release|Any CPU
		{30BC7F26-A458-4605-8142-82757873D5F9}.AppStore|iPhone.Deploy.0 = Release|Any CPU
		{30BC7F26-A458-4605-8142-82757873D5F9}.AppStore|iPhoneSimulator.ActiveCfg = Release|Any CPU
		{30BC7F26-A458-4605-8142-82757873D5F9}.AppStore|iPhoneSimulator.Build.0 = Release|Any CPU
		{30BC7F26-A458-4605-8142-82757873D5F9}.AppStore|iPhoneSimulator.Deploy.0 = Release|Any CPU
		{30BC7F26-A458-4605-8142-82757873D5F9}.AppStore|x64.ActiveCfg = Release|Any CPU
		{30BC7F26-A458-4605-8142-82757873D5F9}.AppStore|x64.Build.0 = Release|Any CPU
		{30BC7F26-A458-4605-8142-82757873D5F9}.AppStore|x64.Deploy.0 = Release|Any CPU
		{30BC7F26-A458-4605-8142-82757873D5F9}.AppStore|x86.ActiveCfg = Release|Any CPU
		{30BC7F26-A458-4605-8142-82757873D5F9}.AppStore|x86.Build.0 = Release|Any CPU
		{30BC7F26-A458-4605-8142-82757873D5F9}.AppStore|x86.Deploy.0 = Release|Any CPU
		{30BC7F26-A458-4605-8142-82757873D5F9}.Debug|Any CPU.ActiveCfg = Debug|Any CPU
		{30BC7F26-A458-4605-8142-82757873D5F9}.Debug|Any CPU.Build.0 = Debug|Any CPU
		{30BC7F26-A458-4605-8142-82757873D5F9}.Debug|Any CPU.Deploy.0 = Debug|Any CPU
		{30BC7F26-A458-4605-8142-82757873D5F9}.Debug|ARM.ActiveCfg = Debug|Any CPU
		{30BC7F26-A458-4605-8142-82757873D5F9}.Debug|ARM.Build.0 = Debug|Any CPU
		{30BC7F26-A458-4605-8142-82757873D5F9}.Debug|ARM.Deploy.0 = Debug|Any CPU
		{30BC7F26-A458-4605-8142-82757873D5F9}.Debug|iPhone.ActiveCfg = Debug|Any CPU
		{30BC7F26-A458-4605-8142-82757873D5F9}.Debug|iPhone.Build.0 = Debug|Any CPU
		{30BC7F26-A458-4605-8142-82757873D5F9}.Debug|iPhone.Deploy.0 = Debug|Any CPU
		{30BC7F26-A458-4605-8142-82757873D5F9}.Debug|iPhoneSimulator.ActiveCfg = Debug|Any CPU
		{30BC7F26-A458-4605-8142-82757873D5F9}.Debug|iPhoneSimulator.Build.0 = Debug|Any CPU
		{30BC7F26-A458-4605-8142-82757873D5F9}.Debug|iPhoneSimulator.Deploy.0 = Debug|Any CPU
		{30BC7F26-A458-4605-8142-82757873D5F9}.Debug|x64.ActiveCfg = Debug|Any CPU
		{30BC7F26-A458-4605-8142-82757873D5F9}.Debug|x64.Build.0 = Debug|Any CPU
		{30BC7F26-A458-4605-8142-82757873D5F9}.Debug|x64.Deploy.0 = Debug|Any CPU
		{30BC7F26-A458-4605-8142-82757873D5F9}.Debug|x86.ActiveCfg = Debug|Any CPU
		{30BC7F26-A458-4605-8142-82757873D5F9}.Debug|x86.Build.0 = Debug|Any CPU
		{30BC7F26-A458-4605-8142-82757873D5F9}.Debug|x86.Deploy.0 = Debug|Any CPU
		{30BC7F26-A458-4605-8142-82757873D5F9}.Release|Any CPU.ActiveCfg = Release|Any CPU
		{30BC7F26-A458-4605-8142-82757873D5F9}.Release|Any CPU.Build.0 = Release|Any CPU
		{30BC7F26-A458-4605-8142-82757873D5F9}.Release|Any CPU.Deploy.0 = Release|Any CPU
		{30BC7F26-A458-4605-8142-82757873D5F9}.Release|ARM.ActiveCfg = Release|Any CPU
		{30BC7F26-A458-4605-8142-82757873D5F9}.Release|ARM.Build.0 = Release|Any CPU
		{30BC7F26-A458-4605-8142-82757873D5F9}.Release|ARM.Deploy.0 = Release|Any CPU
		{30BC7F26-A458-4605-8142-82757873D5F9}.Release|iPhone.ActiveCfg = Release|Any CPU
		{30BC7F26-A458-4605-8142-82757873D5F9}.Release|iPhone.Build.0 = Release|Any CPU
		{30BC7F26-A458-4605-8142-82757873D5F9}.Release|iPhone.Deploy.0 = Release|Any CPU
		{30BC7F26-A458-4605-8142-82757873D5F9}.Release|iPhoneSimulator.ActiveCfg = Release|Any CPU
		{30BC7F26-A458-4605-8142-82757873D5F9}.Release|iPhoneSimulator.Build.0 = Release|Any CPU
		{30BC7F26-A458-4605-8142-82757873D5F9}.Release|iPhoneSimulator.Deploy.0 = Release|Any CPU
		{30BC7F26-A458-4605-8142-82757873D5F9}.Release|x64.ActiveCfg = Release|Any CPU
		{30BC7F26-A458-4605-8142-82757873D5F9}.Release|x64.Build.0 = Release|Any CPU
		{30BC7F26-A458-4605-8142-82757873D5F9}.Release|x64.Deploy.0 = Release|Any CPU
		{30BC7F26-A458-4605-8142-82757873D5F9}.Release|x86.ActiveCfg = Release|Any CPU
		{30BC7F26-A458-4605-8142-82757873D5F9}.Release|x86.Build.0 = Release|Any CPU
		{30BC7F26-A458-4605-8142-82757873D5F9}.Release|x86.Deploy.0 = Release|Any CPU
		{90091540-645D-4646-9A4F-D59A48859268}.Ad-Hoc|Any CPU.ActiveCfg = Ad-Hoc|iPhone
		{90091540-645D-4646-9A4F-D59A48859268}.Ad-Hoc|Any CPU.Build.0 = Ad-Hoc|iPhone
		{90091540-645D-4646-9A4F-D59A48859268}.Ad-Hoc|Any CPU.Deploy.0 = Ad-Hoc|iPhone
		{90091540-645D-4646-9A4F-D59A48859268}.Ad-Hoc|ARM.ActiveCfg = Ad-Hoc|iPhone
		{90091540-645D-4646-9A4F-D59A48859268}.Ad-Hoc|ARM.Build.0 = Ad-Hoc|iPhone
		{90091540-645D-4646-9A4F-D59A48859268}.Ad-Hoc|ARM.Deploy.0 = Ad-Hoc|iPhone
		{90091540-645D-4646-9A4F-D59A48859268}.Ad-Hoc|iPhone.ActiveCfg = Ad-Hoc|iPhone
		{90091540-645D-4646-9A4F-D59A48859268}.Ad-Hoc|iPhone.Build.0 = Ad-Hoc|iPhone
		{90091540-645D-4646-9A4F-D59A48859268}.Ad-Hoc|iPhone.Deploy.0 = Ad-Hoc|iPhone
		{90091540-645D-4646-9A4F-D59A48859268}.Ad-Hoc|iPhoneSimulator.ActiveCfg = Ad-Hoc|iPhoneSimulator
		{90091540-645D-4646-9A4F-D59A48859268}.Ad-Hoc|iPhoneSimulator.Build.0 = Ad-Hoc|iPhoneSimulator
		{90091540-645D-4646-9A4F-D59A48859268}.Ad-Hoc|iPhoneSimulator.Deploy.0 = Ad-Hoc|iPhoneSimulator
		{90091540-645D-4646-9A4F-D59A48859268}.Ad-Hoc|x64.ActiveCfg = Ad-Hoc|iPhone
		{90091540-645D-4646-9A4F-D59A48859268}.Ad-Hoc|x64.Build.0 = Ad-Hoc|iPhone
		{90091540-645D-4646-9A4F-D59A48859268}.Ad-Hoc|x64.Deploy.0 = Ad-Hoc|iPhone
		{90091540-645D-4646-9A4F-D59A48859268}.Ad-Hoc|x86.ActiveCfg = Ad-Hoc|iPhone
		{90091540-645D-4646-9A4F-D59A48859268}.Ad-Hoc|x86.Build.0 = Ad-Hoc|iPhone
		{90091540-645D-4646-9A4F-D59A48859268}.Ad-Hoc|x86.Deploy.0 = Ad-Hoc|iPhone
		{90091540-645D-4646-9A4F-D59A48859268}.AppStore|Any CPU.ActiveCfg = AppStore|iPhone
		{90091540-645D-4646-9A4F-D59A48859268}.AppStore|Any CPU.Build.0 = AppStore|iPhone
		{90091540-645D-4646-9A4F-D59A48859268}.AppStore|Any CPU.Deploy.0 = AppStore|iPhone
		{90091540-645D-4646-9A4F-D59A48859268}.AppStore|ARM.ActiveCfg = AppStore|iPhone
		{90091540-645D-4646-9A4F-D59A48859268}.AppStore|ARM.Build.0 = AppStore|iPhone
		{90091540-645D-4646-9A4F-D59A48859268}.AppStore|ARM.Deploy.0 = AppStore|iPhone
		{90091540-645D-4646-9A4F-D59A48859268}.AppStore|iPhone.ActiveCfg = AppStore|iPhone
		{90091540-645D-4646-9A4F-D59A48859268}.AppStore|iPhone.Build.0 = AppStore|iPhone
		{90091540-645D-4646-9A4F-D59A48859268}.AppStore|iPhone.Deploy.0 = AppStore|iPhone
		{90091540-645D-4646-9A4F-D59A48859268}.AppStore|iPhoneSimulator.ActiveCfg = AppStore|iPhoneSimulator
		{90091540-645D-4646-9A4F-D59A48859268}.AppStore|iPhoneSimulator.Build.0 = AppStore|iPhoneSimulator
		{90091540-645D-4646-9A4F-D59A48859268}.AppStore|iPhoneSimulator.Deploy.0 = AppStore|iPhoneSimulator
		{90091540-645D-4646-9A4F-D59A48859268}.AppStore|x64.ActiveCfg = AppStore|iPhone
		{90091540-645D-4646-9A4F-D59A48859268}.AppStore|x64.Build.0 = AppStore|iPhone
		{90091540-645D-4646-9A4F-D59A48859268}.AppStore|x64.Deploy.0 = AppStore|iPhone
		{90091540-645D-4646-9A4F-D59A48859268}.AppStore|x86.ActiveCfg = AppStore|iPhone
		{90091540-645D-4646-9A4F-D59A48859268}.AppStore|x86.Build.0 = AppStore|iPhone
		{90091540-645D-4646-9A4F-D59A48859268}.AppStore|x86.Deploy.0 = AppStore|iPhone
		{90091540-645D-4646-9A4F-D59A48859268}.Debug|Any CPU.ActiveCfg = Debug|iPhoneSimulator
		{90091540-645D-4646-9A4F-D59A48859268}.Debug|Any CPU.Build.0 = Debug|iPhoneSimulator
		{90091540-645D-4646-9A4F-D59A48859268}.Debug|Any CPU.Deploy.0 = Debug|iPhoneSimulator
		{90091540-645D-4646-9A4F-D59A48859268}.Debug|ARM.ActiveCfg = Debug|iPhone
		{90091540-645D-4646-9A4F-D59A48859268}.Debug|ARM.Build.0 = Debug|iPhone
		{90091540-645D-4646-9A4F-D59A48859268}.Debug|ARM.Deploy.0 = Debug|iPhone
		{90091540-645D-4646-9A4F-D59A48859268}.Debug|iPhone.ActiveCfg = Debug|iPhone
		{90091540-645D-4646-9A4F-D59A48859268}.Debug|iPhone.Build.0 = Debug|iPhone
		{90091540-645D-4646-9A4F-D59A48859268}.Debug|iPhone.Deploy.0 = Debug|iPhone
		{90091540-645D-4646-9A4F-D59A48859268}.Debug|iPhoneSimulator.ActiveCfg = Debug|iPhoneSimulator
		{90091540-645D-4646-9A4F-D59A48859268}.Debug|iPhoneSimulator.Build.0 = Debug|iPhoneSimulator
		{90091540-645D-4646-9A4F-D59A48859268}.Debug|iPhoneSimulator.Deploy.0 = Debug|iPhoneSimulator
		{90091540-645D-4646-9A4F-D59A48859268}.Debug|x64.ActiveCfg = Debug|iPhone
		{90091540-645D-4646-9A4F-D59A48859268}.Debug|x64.Build.0 = Debug|iPhone
		{90091540-645D-4646-9A4F-D59A48859268}.Debug|x64.Deploy.0 = Debug|iPhone
		{90091540-645D-4646-9A4F-D59A48859268}.Debug|x86.ActiveCfg = Debug|iPhone
		{90091540-645D-4646-9A4F-D59A48859268}.Debug|x86.Build.0 = Debug|iPhone
		{90091540-645D-4646-9A4F-D59A48859268}.Debug|x86.Deploy.0 = Debug|iPhone
		{90091540-645D-4646-9A4F-D59A48859268}.Release|Any CPU.ActiveCfg = Release|iPhone
		{90091540-645D-4646-9A4F-D59A48859268}.Release|Any CPU.Build.0 = Release|iPhone
		{90091540-645D-4646-9A4F-D59A48859268}.Release|Any CPU.Deploy.0 = Release|iPhone
		{90091540-645D-4646-9A4F-D59A48859268}.Release|ARM.ActiveCfg = Release|iPhone
		{90091540-645D-4646-9A4F-D59A48859268}.Release|ARM.Build.0 = Release|iPhone
		{90091540-645D-4646-9A4F-D59A48859268}.Release|ARM.Deploy.0 = Release|iPhone
		{90091540-645D-4646-9A4F-D59A48859268}.Release|iPhone.ActiveCfg = Release|iPhone
		{90091540-645D-4646-9A4F-D59A48859268}.Release|iPhone.Build.0 = Release|iPhone
		{90091540-645D-4646-9A4F-D59A48859268}.Release|iPhone.Deploy.0 = Release|iPhone
		{90091540-645D-4646-9A4F-D59A48859268}.Release|iPhoneSimulator.ActiveCfg = Release|iPhoneSimulator
		{90091540-645D-4646-9A4F-D59A48859268}.Release|iPhoneSimulator.Build.0 = Release|iPhoneSimulator
		{90091540-645D-4646-9A4F-D59A48859268}.Release|iPhoneSimulator.Deploy.0 = Release|iPhoneSimulator
		{90091540-645D-4646-9A4F-D59A48859268}.Release|x64.ActiveCfg = Release|iPhone
		{90091540-645D-4646-9A4F-D59A48859268}.Release|x64.Build.0 = Release|iPhone
		{90091540-645D-4646-9A4F-D59A48859268}.Release|x64.Deploy.0 = Release|iPhone
		{90091540-645D-4646-9A4F-D59A48859268}.Release|x86.ActiveCfg = Release|iPhone
		{90091540-645D-4646-9A4F-D59A48859268}.Release|x86.Build.0 = Release|iPhone
		{90091540-645D-4646-9A4F-D59A48859268}.Release|x86.Deploy.0 = Release|iPhone
		{3ACC7F92-6CC1-4C59-AC29-F0C63D9EFF55}.Ad-Hoc|Any CPU.ActiveCfg = Release|x86
		{3ACC7F92-6CC1-4C59-AC29-F0C63D9EFF55}.Ad-Hoc|Any CPU.Build.0 = Release|x86
		{3ACC7F92-6CC1-4C59-AC29-F0C63D9EFF55}.Ad-Hoc|Any CPU.Deploy.0 = Release|x86
		{3ACC7F92-6CC1-4C59-AC29-F0C63D9EFF55}.Ad-Hoc|ARM.ActiveCfg = Release|ARM
		{3ACC7F92-6CC1-4C59-AC29-F0C63D9EFF55}.Ad-Hoc|ARM.Build.0 = Release|ARM
		{3ACC7F92-6CC1-4C59-AC29-F0C63D9EFF55}.Ad-Hoc|ARM.Deploy.0 = Release|ARM
		{3ACC7F92-6CC1-4C59-AC29-F0C63D9EFF55}.Ad-Hoc|iPhone.ActiveCfg = Release|x86
		{3ACC7F92-6CC1-4C59-AC29-F0C63D9EFF55}.Ad-Hoc|iPhone.Build.0 = Release|x86
		{3ACC7F92-6CC1-4C59-AC29-F0C63D9EFF55}.Ad-Hoc|iPhone.Deploy.0 = Release|x86
		{3ACC7F92-6CC1-4C59-AC29-F0C63D9EFF55}.Ad-Hoc|iPhoneSimulator.ActiveCfg = Release|x86
		{3ACC7F92-6CC1-4C59-AC29-F0C63D9EFF55}.Ad-Hoc|iPhoneSimulator.Build.0 = Release|x86
		{3ACC7F92-6CC1-4C59-AC29-F0C63D9EFF55}.Ad-Hoc|iPhoneSimulator.Deploy.0 = Release|x86
		{3ACC7F92-6CC1-4C59-AC29-F0C63D9EFF55}.Ad-Hoc|x64.ActiveCfg = Release|x64
		{3ACC7F92-6CC1-4C59-AC29-F0C63D9EFF55}.Ad-Hoc|x64.Build.0 = Release|x64
		{3ACC7F92-6CC1-4C59-AC29-F0C63D9EFF55}.Ad-Hoc|x64.Deploy.0 = Release|x64
		{3ACC7F92-6CC1-4C59-AC29-F0C63D9EFF55}.Ad-Hoc|x86.ActiveCfg = Release|x86
		{3ACC7F92-6CC1-4C59-AC29-F0C63D9EFF55}.Ad-Hoc|x86.Build.0 = Release|x86
		{3ACC7F92-6CC1-4C59-AC29-F0C63D9EFF55}.Ad-Hoc|x86.Deploy.0 = Release|x86
		{3ACC7F92-6CC1-4C59-AC29-F0C63D9EFF55}.AppStore|Any CPU.ActiveCfg = Release|x86
		{3ACC7F92-6CC1-4C59-AC29-F0C63D9EFF55}.AppStore|Any CPU.Build.0 = Release|x86
		{3ACC7F92-6CC1-4C59-AC29-F0C63D9EFF55}.AppStore|Any CPU.Deploy.0 = Release|x86
		{3ACC7F92-6CC1-4C59-AC29-F0C63D9EFF55}.AppStore|ARM.ActiveCfg = Release|ARM
		{3ACC7F92-6CC1-4C59-AC29-F0C63D9EFF55}.AppStore|ARM.Build.0 = Release|ARM
		{3ACC7F92-6CC1-4C59-AC29-F0C63D9EFF55}.AppStore|ARM.Deploy.0 = Release|ARM
		{3ACC7F92-6CC1-4C59-AC29-F0C63D9EFF55}.AppStore|iPhone.ActiveCfg = Release|x86
		{3ACC7F92-6CC1-4C59-AC29-F0C63D9EFF55}.AppStore|iPhone.Build.0 = Release|x86
		{3ACC7F92-6CC1-4C59-AC29-F0C63D9EFF55}.AppStore|iPhone.Deploy.0 = Release|x86
		{3ACC7F92-6CC1-4C59-AC29-F0C63D9EFF55}.AppStore|iPhoneSimulator.ActiveCfg = Release|x86
		{3ACC7F92-6CC1-4C59-AC29-F0C63D9EFF55}.AppStore|iPhoneSimulator.Build.0 = Release|x86
		{3ACC7F92-6CC1-4C59-AC29-F0C63D9EFF55}.AppStore|iPhoneSimulator.Deploy.0 = Release|x86
		{3ACC7F92-6CC1-4C59-AC29-F0C63D9EFF55}.AppStore|x64.ActiveCfg = Release|x64
		{3ACC7F92-6CC1-4C59-AC29-F0C63D9EFF55}.AppStore|x64.Build.0 = Release|x64
		{3ACC7F92-6CC1-4C59-AC29-F0C63D9EFF55}.AppStore|x64.Deploy.0 = Release|x64
		{3ACC7F92-6CC1-4C59-AC29-F0C63D9EFF55}.AppStore|x86.ActiveCfg = Release|x86
		{3ACC7F92-6CC1-4C59-AC29-F0C63D9EFF55}.AppStore|x86.Build.0 = Release|x86
		{3ACC7F92-6CC1-4C59-AC29-F0C63D9EFF55}.AppStore|x86.Deploy.0 = Release|x86
		{3ACC7F92-6CC1-4C59-AC29-F0C63D9EFF55}.Debug|Any CPU.ActiveCfg = Debug|x86
		{3ACC7F92-6CC1-4C59-AC29-F0C63D9EFF55}.Debug|Any CPU.Build.0 = Debug|x86
		{3ACC7F92-6CC1-4C59-AC29-F0C63D9EFF55}.Debug|Any CPU.Deploy.0 = Debug|x86
		{3ACC7F92-6CC1-4C59-AC29-F0C63D9EFF55}.Debug|ARM.ActiveCfg = Debug|ARM
		{3ACC7F92-6CC1-4C59-AC29-F0C63D9EFF55}.Debug|ARM.Build.0 = Debug|ARM
		{3ACC7F92-6CC1-4C59-AC29-F0C63D9EFF55}.Debug|ARM.Deploy.0 = Debug|ARM
		{3ACC7F92-6CC1-4C59-AC29-F0C63D9EFF55}.Debug|iPhone.ActiveCfg = Debug|x86
		{3ACC7F92-6CC1-4C59-AC29-F0C63D9EFF55}.Debug|iPhone.Build.0 = Debug|x86
		{3ACC7F92-6CC1-4C59-AC29-F0C63D9EFF55}.Debug|iPhone.Deploy.0 = Debug|x86
		{3ACC7F92-6CC1-4C59-AC29-F0C63D9EFF55}.Debug|iPhoneSimulator.ActiveCfg = Debug|x86
		{3ACC7F92-6CC1-4C59-AC29-F0C63D9EFF55}.Debug|iPhoneSimulator.Build.0 = Debug|x86
		{3ACC7F92-6CC1-4C59-AC29-F0C63D9EFF55}.Debug|iPhoneSimulator.Deploy.0 = Debug|x86
		{3ACC7F92-6CC1-4C59-AC29-F0C63D9EFF55}.Debug|x64.ActiveCfg = Debug|x64
		{3ACC7F92-6CC1-4C59-AC29-F0C63D9EFF55}.Debug|x64.Build.0 = Debug|x64
		{3ACC7F92-6CC1-4C59-AC29-F0C63D9EFF55}.Debug|x64.Deploy.0 = Debug|x64
		{3ACC7F92-6CC1-4C59-AC29-F0C63D9EFF55}.Debug|x86.ActiveCfg = Debug|x86
		{3ACC7F92-6CC1-4C59-AC29-F0C63D9EFF55}.Debug|x86.Build.0 = Debug|x86
		{3ACC7F92-6CC1-4C59-AC29-F0C63D9EFF55}.Debug|x86.Deploy.0 = Debug|x86
		{3ACC7F92-6CC1-4C59-AC29-F0C63D9EFF55}.Release|Any CPU.ActiveCfg = Release|x86
		{3ACC7F92-6CC1-4C59-AC29-F0C63D9EFF55}.Release|Any CPU.Build.0 = Release|x86
		{3ACC7F92-6CC1-4C59-AC29-F0C63D9EFF55}.Release|Any CPU.Deploy.0 = Release|x86
		{3ACC7F92-6CC1-4C59-AC29-F0C63D9EFF55}.Release|ARM.ActiveCfg = Release|ARM
		{3ACC7F92-6CC1-4C59-AC29-F0C63D9EFF55}.Release|ARM.Build.0 = Release|ARM
		{3ACC7F92-6CC1-4C59-AC29-F0C63D9EFF55}.Release|ARM.Deploy.0 = Release|ARM
		{3ACC7F92-6CC1-4C59-AC29-F0C63D9EFF55}.Release|iPhone.ActiveCfg = Release|x86
		{3ACC7F92-6CC1-4C59-AC29-F0C63D9EFF55}.Release|iPhone.Build.0 = Release|x86
		{3ACC7F92-6CC1-4C59-AC29-F0C63D9EFF55}.Release|iPhone.Deploy.0 = Release|x86
		{3ACC7F92-6CC1-4C59-AC29-F0C63D9EFF55}.Release|iPhoneSimulator.ActiveCfg = Release|x86
		{3ACC7F92-6CC1-4C59-AC29-F0C63D9EFF55}.Release|iPhoneSimulator.Build.0 = Release|x86
		{3ACC7F92-6CC1-4C59-AC29-F0C63D9EFF55}.Release|iPhoneSimulator.Deploy.0 = Release|x86
		{3ACC7F92-6CC1-4C59-AC29-F0C63D9EFF55}.Release|x64.ActiveCfg = Release|x64
		{3ACC7F92-6CC1-4C59-AC29-F0C63D9EFF55}.Release|x64.Build.0 = Release|x64
		{3ACC7F92-6CC1-4C59-AC29-F0C63D9EFF55}.Release|x64.Deploy.0 = Release|x64
		{3ACC7F92-6CC1-4C59-AC29-F0C63D9EFF55}.Release|x86.ActiveCfg = Release|x86
		{3ACC7F92-6CC1-4C59-AC29-F0C63D9EFF55}.Release|x86.Build.0 = Release|x86
		{3ACC7F92-6CC1-4C59-AC29-F0C63D9EFF55}.Release|x86.Deploy.0 = Release|x86
		{BF3620CF-BB2A-4849-891E-35603516A55D}.Ad-Hoc|Any CPU.ActiveCfg = Debug|Any CPU
		{BF3620CF-BB2A-4849-891E-35603516A55D}.Ad-Hoc|Any CPU.Build.0 = Debug|Any CPU
		{BF3620CF-BB2A-4849-891E-35603516A55D}.Ad-Hoc|Any CPU.Deploy.0 = Debug|Any CPU
		{BF3620CF-BB2A-4849-891E-35603516A55D}.Ad-Hoc|ARM.ActiveCfg = Debug|Any CPU
		{BF3620CF-BB2A-4849-891E-35603516A55D}.Ad-Hoc|ARM.Build.0 = Debug|Any CPU
		{BF3620CF-BB2A-4849-891E-35603516A55D}.Ad-Hoc|ARM.Deploy.0 = Debug|Any CPU
		{BF3620CF-BB2A-4849-891E-35603516A55D}.Ad-Hoc|iPhone.ActiveCfg = Debug|Any CPU
		{BF3620CF-BB2A-4849-891E-35603516A55D}.Ad-Hoc|iPhone.Build.0 = Debug|Any CPU
		{BF3620CF-BB2A-4849-891E-35603516A55D}.Ad-Hoc|iPhone.Deploy.0 = Debug|Any CPU
		{BF3620CF-BB2A-4849-891E-35603516A55D}.Ad-Hoc|iPhoneSimulator.ActiveCfg = Debug|Any CPU
		{BF3620CF-BB2A-4849-891E-35603516A55D}.Ad-Hoc|iPhoneSimulator.Build.0 = Debug|Any CPU
		{BF3620CF-BB2A-4849-891E-35603516A55D}.Ad-Hoc|iPhoneSimulator.Deploy.0 = Debug|Any CPU
		{BF3620CF-BB2A-4849-891E-35603516A55D}.Ad-Hoc|x64.ActiveCfg = Debug|Any CPU
		{BF3620CF-BB2A-4849-891E-35603516A55D}.Ad-Hoc|x64.Build.0 = Debug|Any CPU
		{BF3620CF-BB2A-4849-891E-35603516A55D}.Ad-Hoc|x64.Deploy.0 = Debug|Any CPU
		{BF3620CF-BB2A-4849-891E-35603516A55D}.Ad-Hoc|x86.ActiveCfg = Debug|Any CPU
		{BF3620CF-BB2A-4849-891E-35603516A55D}.Ad-Hoc|x86.Build.0 = Debug|Any CPU
		{BF3620CF-BB2A-4849-891E-35603516A55D}.Ad-Hoc|x86.Deploy.0 = Debug|Any CPU
		{BF3620CF-BB2A-4849-891E-35603516A55D}.AppStore|Any CPU.ActiveCfg = Debug|Any CPU
		{BF3620CF-BB2A-4849-891E-35603516A55D}.AppStore|Any CPU.Build.0 = Debug|Any CPU
		{BF3620CF-BB2A-4849-891E-35603516A55D}.AppStore|Any CPU.Deploy.0 = Debug|Any CPU
		{BF3620CF-BB2A-4849-891E-35603516A55D}.AppStore|ARM.ActiveCfg = Debug|Any CPU
		{BF3620CF-BB2A-4849-891E-35603516A55D}.AppStore|ARM.Build.0 = Debug|Any CPU
		{BF3620CF-BB2A-4849-891E-35603516A55D}.AppStore|ARM.Deploy.0 = Debug|Any CPU
		{BF3620CF-BB2A-4849-891E-35603516A55D}.AppStore|iPhone.ActiveCfg = Debug|Any CPU
		{BF3620CF-BB2A-4849-891E-35603516A55D}.AppStore|iPhone.Build.0 = Debug|Any CPU
		{BF3620CF-BB2A-4849-891E-35603516A55D}.AppStore|iPhone.Deploy.0 = Debug|Any CPU
		{BF3620CF-BB2A-4849-891E-35603516A55D}.AppStore|iPhoneSimulator.ActiveCfg = Debug|Any CPU
		{BF3620CF-BB2A-4849-891E-35603516A55D}.AppStore|iPhoneSimulator.Build.0 = Debug|Any CPU
		{BF3620CF-BB2A-4849-891E-35603516A55D}.AppStore|iPhoneSimulator.Deploy.0 = Debug|Any CPU
		{BF3620CF-BB2A-4849-891E-35603516A55D}.AppStore|x64.ActiveCfg = Debug|Any CPU
		{BF3620CF-BB2A-4849-891E-35603516A55D}.AppStore|x64.Build.0 = Debug|Any CPU
		{BF3620CF-BB2A-4849-891E-35603516A55D}.AppStore|x64.Deploy.0 = Debug|Any CPU
		{BF3620CF-BB2A-4849-891E-35603516A55D}.AppStore|x86.ActiveCfg = Debug|Any CPU
		{BF3620CF-BB2A-4849-891E-35603516A55D}.AppStore|x86.Build.0 = Debug|Any CPU
		{BF3620CF-BB2A-4849-891E-35603516A55D}.AppStore|x86.Deploy.0 = Debug|Any CPU
		{BF3620CF-BB2A-4849-891E-35603516A55D}.Debug|Any CPU.ActiveCfg = Debug|Any CPU
		{BF3620CF-BB2A-4849-891E-35603516A55D}.Debug|Any CPU.Build.0 = Debug|Any CPU
		{BF3620CF-BB2A-4849-891E-35603516A55D}.Debug|Any CPU.Deploy.0 = Debug|Any CPU
		{BF3620CF-BB2A-4849-891E-35603516A55D}.Debug|ARM.ActiveCfg = Debug|Any CPU
		{BF3620CF-BB2A-4849-891E-35603516A55D}.Debug|ARM.Build.0 = Debug|Any CPU
		{BF3620CF-BB2A-4849-891E-35603516A55D}.Debug|ARM.Deploy.0 = Debug|Any CPU
		{BF3620CF-BB2A-4849-891E-35603516A55D}.Debug|iPhone.ActiveCfg = Debug|Any CPU
		{BF3620CF-BB2A-4849-891E-35603516A55D}.Debug|iPhone.Build.0 = Debug|Any CPU
		{BF3620CF-BB2A-4849-891E-35603516A55D}.Debug|iPhone.Deploy.0 = Debug|Any CPU
		{BF3620CF-BB2A-4849-891E-35603516A55D}.Debug|iPhoneSimulator.ActiveCfg = Debug|Any CPU
		{BF3620CF-BB2A-4849-891E-35603516A55D}.Debug|iPhoneSimulator.Build.0 = Debug|Any CPU
		{BF3620CF-BB2A-4849-891E-35603516A55D}.Debug|iPhoneSimulator.Deploy.0 = Debug|Any CPU
		{BF3620CF-BB2A-4849-891E-35603516A55D}.Debug|x64.ActiveCfg = Debug|Any CPU
		{BF3620CF-BB2A-4849-891E-35603516A55D}.Debug|x64.Build.0 = Debug|Any CPU
		{BF3620CF-BB2A-4849-891E-35603516A55D}.Debug|x64.Deploy.0 = Debug|Any CPU
		{BF3620CF-BB2A-4849-891E-35603516A55D}.Debug|x86.ActiveCfg = Debug|Any CPU
		{BF3620CF-BB2A-4849-891E-35603516A55D}.Debug|x86.Build.0 = Debug|Any CPU
		{BF3620CF-BB2A-4849-891E-35603516A55D}.Debug|x86.Deploy.0 = Debug|Any CPU
		{BF3620CF-BB2A-4849-891E-35603516A55D}.Release|Any CPU.ActiveCfg = Release|Any CPU
		{BF3620CF-BB2A-4849-891E-35603516A55D}.Release|Any CPU.Build.0 = Release|Any CPU
		{BF3620CF-BB2A-4849-891E-35603516A55D}.Release|Any CPU.Deploy.0 = Release|Any CPU
		{BF3620CF-BB2A-4849-891E-35603516A55D}.Release|ARM.ActiveCfg = Release|Any CPU
		{BF3620CF-BB2A-4849-891E-35603516A55D}.Release|ARM.Build.0 = Release|Any CPU
		{BF3620CF-BB2A-4849-891E-35603516A55D}.Release|ARM.Deploy.0 = Release|Any CPU
		{BF3620CF-BB2A-4849-891E-35603516A55D}.Release|iPhone.ActiveCfg = Release|Any CPU
		{BF3620CF-BB2A-4849-891E-35603516A55D}.Release|iPhone.Build.0 = Release|Any CPU
		{BF3620CF-BB2A-4849-891E-35603516A55D}.Release|iPhone.Deploy.0 = Release|Any CPU
		{BF3620CF-BB2A-4849-891E-35603516A55D}.Release|iPhoneSimulator.ActiveCfg = Release|Any CPU
		{BF3620CF-BB2A-4849-891E-35603516A55D}.Release|iPhoneSimulator.Build.0 = Release|Any CPU
		{BF3620CF-BB2A-4849-891E-35603516A55D}.Release|iPhoneSimulator.Deploy.0 = Release|Any CPU
		{BF3620CF-BB2A-4849-891E-35603516A55D}.Release|x64.ActiveCfg = Release|Any CPU
		{BF3620CF-BB2A-4849-891E-35603516A55D}.Release|x64.Build.0 = Release|Any CPU
		{BF3620CF-BB2A-4849-891E-35603516A55D}.Release|x64.Deploy.0 = Release|Any CPU
		{BF3620CF-BB2A-4849-891E-35603516A55D}.Release|x86.ActiveCfg = Release|Any CPU
		{BF3620CF-BB2A-4849-891E-35603516A55D}.Release|x86.Build.0 = Release|Any CPU
		{BF3620CF-BB2A-4849-891E-35603516A55D}.Release|x86.Deploy.0 = Release|Any CPU
	EndGlobalSection
	GlobalSection(SolutionProperties) = preSolution
		HideSolutionNode = FALSE
	EndGlobalSection
	GlobalSection(ExtensibilityGlobals) = postSolution
		SolutionGuid = {7488B393-3E3C-4D66-B094-00BC8754F37D}
	EndGlobalSection
EndGlobal
